// !$*UTF8*$!
{
	archiveVersion = 1;
	classes = {
	};
	objectVersion = 50;
	objects = {

/* Begin PBXBuildFile section */
		6A02CE2E20A15E8800AEF841 /* libwebrender_text_view.a in Frameworks */ = {isa = PBXBuildFile; fileRef = 6AE2BADF209BE7890059F224 /* libwebrender_text_view.a */; };
		6A02CE4620A16A2900AEF841 /* WRTextView.framework in Frameworks */ = {isa = PBXBuildFile; fileRef = 6A02CE3A20A169CC00AEF841 /* WRTextView.framework */; };
		6A02CE4720A16A2900AEF841 /* WRTextView.framework in Embed Frameworks */ = {isa = PBXBuildFile; fileRef = 6A02CE3A20A169CC00AEF841 /* WRTextView.framework */; settings = {ATTRIBUTES = (CodeSignOnCopy, RemoveHeadersOnCopy, ); }; };
		6A02CE4B20A16A7000AEF841 /* WRVImageInfo.m in Sources */ = {isa = PBXBuildFile; fileRef = 6AE2BAD4209A67A30059F224 /* WRVImageInfo.m */; };
		6A02CE4C20A16A7600AEF841 /* WRVTextLayer.m in Sources */ = {isa = PBXBuildFile; fileRef = 6A0E3CE4207ED14800887721 /* WRVTextLayer.m */; };
		6A02CE4D20A16A7900AEF841 /* WRVTextScrollView.m in Sources */ = {isa = PBXBuildFile; fileRef = 6AE2BAD0209A39CE0059F224 /* WRVTextScrollView.m */; };
		6A02CE4E20A16A7B00AEF841 /* WRVTextView.m in Sources */ = {isa = PBXBuildFile; fileRef = 6A5B60022084FD8200C10F79 /* WRVTextView.m */; };
		6A02CE4F20A214EB00AEF841 /* libwebrender_text_view.a in Frameworks */ = {isa = PBXBuildFile; fileRef = 6AE2BAE1209BE88D0059F224 /* libwebrender_text_view.a */; };
		6A02CE5520A3EA5000AEF841 /* WRVXFontFamilyTableViewController.m in Sources */ = {isa = PBXBuildFile; fileRef = 6A02CE5420A3EA5000AEF841 /* WRVXFontFamilyTableViewController.m */; };
		6A02CE5820A3ED2800AEF841 /* WRVXNavigationController.m in Sources */ = {isa = PBXBuildFile; fileRef = 6A02CE5720A3ED2800AEF841 /* WRVXNavigationController.m */; };
		6A02CE6120A3F05E00AEF841 /* NSObject+WRVCasting.m in Sources */ = {isa = PBXBuildFile; fileRef = 6A02CE6020A3F05E00AEF841 /* NSObject+WRVCasting.m */; };
		6A0A1563208FD98000E32BC6 /* WRVTextView.h in Headers */ = {isa = PBXBuildFile; fileRef = 6A0A1561208FD98000E32BC6 /* WRVTextView.h */; settings = {ATTRIBUTES = (Public, ); }; };
		6A0A1567208FD9AC00E32BC6 /* WRVTextView.m in Sources */ = {isa = PBXBuildFile; fileRef = 6A5B60022084FD8200C10F79 /* WRVTextView.m */; };
		6A0A1568208FD9C400E32BC6 /* WRVTextLayer.m in Sources */ = {isa = PBXBuildFile; fileRef = 6A0E3CE4207ED14800887721 /* WRVTextLayer.m */; };
		6A0A1570208FE6AA00E32BC6 /* WRVXWindowController.m in Sources */ = {isa = PBXBuildFile; fileRef = 6A0A156F208FE6AA00E32BC6 /* WRVXWindowController.m */; };
		6A0A157C2092B72400E32BC6 /* ContextMenu.xib in Resources */ = {isa = PBXBuildFile; fileRef = 6A0A157B2092B72400E32BC6 /* ContextMenu.xib */; };
		6A0A15852092BD8400E32BC6 /* WRVXAppDelegate.m in Sources */ = {isa = PBXBuildFile; fileRef = 6A0A15842092BD8400E32BC6 /* WRVXAppDelegate.m */; };
		6A0A15882092BD8400E32BC6 /* WRVXDocumentBrowserViewController.m in Sources */ = {isa = PBXBuildFile; fileRef = 6A0A15872092BD8400E32BC6 /* WRVXDocumentBrowserViewController.m */; };
		6A0A158B2092BD8400E32BC6 /* WRVXDocumentViewController.m in Sources */ = {isa = PBXBuildFile; fileRef = 6A0A158A2092BD8400E32BC6 /* WRVXDocumentViewController.m */; };
		6A0A158E2092BD8400E32BC6 /* WRVXDocument.m in Sources */ = {isa = PBXBuildFile; fileRef = 6A0A158D2092BD8400E32BC6 /* WRVXDocument.m */; };
		6A0A15912092BD8400E32BC6 /* Main.storyboard in Resources */ = {isa = PBXBuildFile; fileRef = 6A0A158F2092BD8400E32BC6 /* Main.storyboard */; };
		6A0A15932092BD8500E32BC6 /* Assets.xcassets in Resources */ = {isa = PBXBuildFile; fileRef = 6A0A15922092BD8500E32BC6 /* Assets.xcassets */; };
		6A0A15962092BD8500E32BC6 /* LaunchScreen.storyboard in Resources */ = {isa = PBXBuildFile; fileRef = 6A0A15942092BD8500E32BC6 /* LaunchScreen.storyboard */; };
		6A0A15992092BD8500E32BC6 /* main.m in Sources */ = {isa = PBXBuildFile; fileRef = 6A0A15982092BD8500E32BC6 /* main.m */; };
		6A0E3CB2207ED10400887721 /* WRVXAppDelegate.m in Sources */ = {isa = PBXBuildFile; fileRef = 6A0E3CB1207ED10400887721 /* WRVXAppDelegate.m */; };
		6A0E3CB5207ED10400887721 /* WRVXDocument.m in Sources */ = {isa = PBXBuildFile; fileRef = 6A0E3CB4207ED10400887721 /* WRVXDocument.m */; };
		6A0E3CB8207ED10400887721 /* Document.xib in Resources */ = {isa = PBXBuildFile; fileRef = 6A0E3CB6207ED10400887721 /* Document.xib */; };
		6A0E3CBA207ED10600887721 /* Assets.xcassets in Resources */ = {isa = PBXBuildFile; fileRef = 6A0E3CB9207ED10600887721 /* Assets.xcassets */; };
		6A0E3CBD207ED10600887721 /* MainMenu.xib in Resources */ = {isa = PBXBuildFile; fileRef = 6A0E3CBB207ED10600887721 /* MainMenu.xib */; };
		6A0E3CC0207ED10600887721 /* main.m in Sources */ = {isa = PBXBuildFile; fileRef = 6A0E3CBF207ED10600887721 /* main.m */; };
		6A8F5D1220AA8A9B00F25F23 /* WRTextView.framework in Frameworks */ = {isa = PBXBuildFile; fileRef = 6A0A155F208FD97F00E32BC6 /* WRTextView.framework */; };
		6A8F5D1320AA8A9B00F25F23 /* WRTextView.framework in Embed Frameworks */ = {isa = PBXBuildFile; fileRef = 6A0A155F208FD97F00E32BC6 /* WRTextView.framework */; settings = {ATTRIBUTES = (CodeSignOnCopy, RemoveHeadersOnCopy, ); }; };
		6AE2BAD1209A39CE0059F224 /* WRVTextScrollView.h in Headers */ = {isa = PBXBuildFile; fileRef = 6AE2BACF209A39CE0059F224 /* WRVTextScrollView.h */; };
		6AE2BAD2209A39CE0059F224 /* WRVTextScrollView.m in Sources */ = {isa = PBXBuildFile; fileRef = 6AE2BAD0209A39CE0059F224 /* WRVTextScrollView.m */; };
		6AE2BAD8209A67AB0059F224 /* WRVImageInfo.m in Sources */ = {isa = PBXBuildFile; fileRef = 6AE2BAD4209A67A30059F224 /* WRVImageInfo.m */; };
/* End PBXBuildFile section */

/* Begin PBXContainerItemProxy section */
		6A02CE4820A16A2900AEF841 /* PBXContainerItemProxy */ = {
			isa = PBXContainerItemProxy;
			containerPortal = 6A0E3CA5207ED10400887721 /* Project object */;
			proxyType = 1;
			remoteGlobalIDString = 6A02CE3920A169CC00AEF841;
			remoteInfo = WRMobileTextView;
		};
		6A8F5D1420AA8A9B00F25F23 /* PBXContainerItemProxy */ = {
			isa = PBXContainerItemProxy;
			containerPortal = 6A0E3CA5207ED10400887721 /* Project object */;
			proxyType = 1;
			remoteGlobalIDString = 6A0A155E208FD97F00E32BC6;
			remoteInfo = WRTextView;
		};
/* End PBXContainerItemProxy section */

/* Begin PBXCopyFilesBuildPhase section */
		6A02CE4A20A16A2900AEF841 /* Embed Frameworks */ = {
			isa = PBXCopyFilesBuildPhase;
			buildActionMask = 2147483647;
			dstPath = "";
			dstSubfolderSpec = 10;
			files = (
				6A02CE4720A16A2900AEF841 /* WRTextView.framework in Embed Frameworks */,
			);
			name = "Embed Frameworks";
			runOnlyForDeploymentPostprocessing = 0;
		};
		6A8F5D1620AA8A9B00F25F23 /* Embed Frameworks */ = {
			isa = PBXCopyFilesBuildPhase;
			buildActionMask = 2147483647;
			dstPath = "";
			dstSubfolderSpec = 10;
			files = (
				6A8F5D1320AA8A9B00F25F23 /* WRTextView.framework in Embed Frameworks */,
			);
			name = "Embed Frameworks";
			runOnlyForDeploymentPostprocessing = 0;
		};
/* End PBXCopyFilesBuildPhase section */

/* Begin PBXFileReference section */
		6A02CE2D20A0D3DA00AEF841 /* WRVMobileGL.h */ = {isa = PBXFileReference; lastKnownFileType = sourcecode.c.h; path = WRVMobileGL.h; sourceTree = "<group>"; };
		6A02CE2F20A1618C00AEF841 /* WRVTextStorage.h */ = {isa = PBXFileReference; lastKnownFileType = sourcecode.c.h; path = WRVTextStorage.h; sourceTree = "<group>"; };
		6A02CE3A20A169CC00AEF841 /* WRTextView.framework */ = {isa = PBXFileReference; explicitFileType = wrapper.framework; includeInIndex = 0; path = WRTextView.framework; sourceTree = BUILT_PRODUCTS_DIR; };
		6A02CE3D20A169CC00AEF841 /* Info.plist */ = {isa = PBXFileReference; lastKnownFileType = text.plist.xml; path = Info.plist; sourceTree = "<group>"; };
		6A02CE5320A3EA5000AEF841 /* WRVXFontFamilyTableViewController.h */ = {isa = PBXFileReference; lastKnownFileType = sourcecode.c.h; path = WRVXFontFamilyTableViewController.h; sourceTree = "<group>"; };
		6A02CE5420A3EA5000AEF841 /* WRVXFontFamilyTableViewController.m */ = {isa = PBXFileReference; lastKnownFileType = sourcecode.c.objc; path = WRVXFontFamilyTableViewController.m; sourceTree = "<group>"; };
		6A02CE5620A3ED2800AEF841 /* WRVXNavigationController.h */ = {isa = PBXFileReference; lastKnownFileType = sourcecode.c.h; path = WRVXNavigationController.h; sourceTree = "<group>"; };
		6A02CE5720A3ED2800AEF841 /* WRVXNavigationController.m */ = {isa = PBXFileReference; lastKnownFileType = sourcecode.c.objc; path = WRVXNavigationController.m; sourceTree = "<group>"; };
		6A02CE5F20A3F05E00AEF841 /* NSObject+WRVCasting.h */ = {isa = PBXFileReference; lastKnownFileType = sourcecode.c.h; path = "NSObject+WRVCasting.h"; sourceTree = "<group>"; };
		6A02CE6020A3F05E00AEF841 /* NSObject+WRVCasting.m */ = {isa = PBXFileReference; lastKnownFileType = sourcecode.c.objc; path = "NSObject+WRVCasting.m"; sourceTree = "<group>"; };
		6A02CE6220A409DB00AEF841 /* WRVXDocumentDelegate.h */ = {isa = PBXFileReference; lastKnownFileType = sourcecode.c.h; path = WRVXDocumentDelegate.h; sourceTree = "<group>"; };
		6A0A155F208FD97F00E32BC6 /* WRTextView.framework */ = {isa = PBXFileReference; explicitFileType = wrapper.framework; includeInIndex = 0; path = WRTextView.framework; sourceTree = BUILT_PRODUCTS_DIR; };
		6A0A1561208FD98000E32BC6 /* WRVTextView.h */ = {isa = PBXFileReference; lastKnownFileType = sourcecode.c.h; path = WRVTextView.h; sourceTree = "<group>"; };
		6A0A1562208FD98000E32BC6 /* Info.plist */ = {isa = PBXFileReference; lastKnownFileType = text.plist.xml; path = Info.plist; sourceTree = "<group>"; };
		6A0A156E208FE6AA00E32BC6 /* WRVXWindowController.h */ = {isa = PBXFileReference; lastKnownFileType = sourcecode.c.h; path = WRVXWindowController.h; sourceTree = "<group>"; };
		6A0A156F208FE6AA00E32BC6 /* WRVXWindowController.m */ = {isa = PBXFileReference; lastKnownFileType = sourcecode.c.objc; path = WRVXWindowController.m; sourceTree = "<group>"; };
		6A0A157B2092B72400E32BC6 /* ContextMenu.xib */ = {isa = PBXFileReference; lastKnownFileType = file.xib; path = ContextMenu.xib; sourceTree = "<group>"; };
		6A0A15812092BD8400E32BC6 /* WRMobileTextView Example.app */ = {isa = PBXFileReference; explicitFileType = wrapper.application; includeInIndex = 0; path = "WRMobileTextView Example.app"; sourceTree = BUILT_PRODUCTS_DIR; };
		6A0A15832092BD8400E32BC6 /* WRVXAppDelegate.h */ = {isa = PBXFileReference; lastKnownFileType = sourcecode.c.h; path = WRVXAppDelegate.h; sourceTree = "<group>"; };
		6A0A15842092BD8400E32BC6 /* WRVXAppDelegate.m */ = {isa = PBXFileReference; lastKnownFileType = sourcecode.c.objc; path = WRVXAppDelegate.m; sourceTree = "<group>"; };
		6A0A15862092BD8400E32BC6 /* WRVXDocumentBrowserViewController.h */ = {isa = PBXFileReference; lastKnownFileType = sourcecode.c.h; path = WRVXDocumentBrowserViewController.h; sourceTree = "<group>"; };
		6A0A15872092BD8400E32BC6 /* WRVXDocumentBrowserViewController.m */ = {isa = PBXFileReference; lastKnownFileType = sourcecode.c.objc; path = WRVXDocumentBrowserViewController.m; sourceTree = "<group>"; };
		6A0A15892092BD8400E32BC6 /* WRVXDocumentViewController.h */ = {isa = PBXFileReference; lastKnownFileType = sourcecode.c.h; path = WRVXDocumentViewController.h; sourceTree = "<group>"; };
		6A0A158A2092BD8400E32BC6 /* WRVXDocumentViewController.m */ = {isa = PBXFileReference; lastKnownFileType = sourcecode.c.objc; path = WRVXDocumentViewController.m; sourceTree = "<group>"; };
		6A0A158C2092BD8400E32BC6 /* WRVXDocument.h */ = {isa = PBXFileReference; lastKnownFileType = sourcecode.c.h; path = WRVXDocument.h; sourceTree = "<group>"; };
		6A0A158D2092BD8400E32BC6 /* WRVXDocument.m */ = {isa = PBXFileReference; lastKnownFileType = sourcecode.c.objc; path = WRVXDocument.m; sourceTree = "<group>"; };
		6A0A15902092BD8400E32BC6 /* Base */ = {isa = PBXFileReference; lastKnownFileType = file.storyboard; name = Base; path = Base.lproj/Main.storyboard; sourceTree = "<group>"; };
		6A0A15922092BD8500E32BC6 /* Assets.xcassets */ = {isa = PBXFileReference; lastKnownFileType = folder.assetcatalog; path = Assets.xcassets; sourceTree = "<group>"; };
		6A0A15952092BD8500E32BC6 /* Base */ = {isa = PBXFileReference; lastKnownFileType = file.storyboard; name = Base; path = Base.lproj/LaunchScreen.storyboard; sourceTree = "<group>"; };
		6A0A15972092BD8500E32BC6 /* Info.plist */ = {isa = PBXFileReference; lastKnownFileType = text.plist.xml; path = Info.plist; sourceTree = "<group>"; };
		6A0A15982092BD8500E32BC6 /* main.m */ = {isa = PBXFileReference; lastKnownFileType = sourcecode.c.objc; path = main.m; sourceTree = "<group>"; };
		6A0E3CAD207ED10400887721 /* WRTextView Example.app */ = {isa = PBXFileReference; explicitFileType = wrapper.application; includeInIndex = 0; path = "WRTextView Example.app"; sourceTree = BUILT_PRODUCTS_DIR; };
		6A0E3CB0207ED10400887721 /* WRVXAppDelegate.h */ = {isa = PBXFileReference; lastKnownFileType = sourcecode.c.h; path = WRVXAppDelegate.h; sourceTree = "<group>"; };
		6A0E3CB1207ED10400887721 /* WRVXAppDelegate.m */ = {isa = PBXFileReference; lastKnownFileType = sourcecode.c.objc; path = WRVXAppDelegate.m; sourceTree = "<group>"; };
		6A0E3CB3207ED10400887721 /* WRVXDocument.h */ = {isa = PBXFileReference; lastKnownFileType = sourcecode.c.h; path = WRVXDocument.h; sourceTree = "<group>"; };
		6A0E3CB4207ED10400887721 /* WRVXDocument.m */ = {isa = PBXFileReference; lastKnownFileType = sourcecode.c.objc; path = WRVXDocument.m; sourceTree = "<group>"; };
		6A0E3CB7207ED10400887721 /* Base */ = {isa = PBXFileReference; lastKnownFileType = file.xib; name = Base; path = Base.lproj/Document.xib; sourceTree = "<group>"; };
		6A0E3CB9207ED10600887721 /* Assets.xcassets */ = {isa = PBXFileReference; lastKnownFileType = folder.assetcatalog; path = Assets.xcassets; sourceTree = "<group>"; };
		6A0E3CBC207ED10600887721 /* Base */ = {isa = PBXFileReference; lastKnownFileType = file.xib; name = Base; path = Base.lproj/MainMenu.xib; sourceTree = "<group>"; };
		6A0E3CBE207ED10600887721 /* Info.plist */ = {isa = PBXFileReference; lastKnownFileType = text.plist.xml; path = Info.plist; sourceTree = "<group>"; };
		6A0E3CBF207ED10600887721 /* main.m */ = {isa = PBXFileReference; lastKnownFileType = sourcecode.c.objc; path = main.m; sourceTree = "<group>"; };
		6A0E3CC1207ED10600887721 /* WRTextView_Example.entitlements */ = {isa = PBXFileReference; lastKnownFileType = text.plist.entitlements; path = WRTextView_Example.entitlements; sourceTree = "<group>"; };
		6A0E3CE3207ED14800887721 /* WRVTextLayer.h */ = {isa = PBXFileReference; lastKnownFileType = sourcecode.c.h; path = WRVTextLayer.h; sourceTree = "<group>"; };
		6A0E3CE4207ED14800887721 /* WRVTextLayer.m */ = {isa = PBXFileReference; lastKnownFileType = sourcecode.c.objc; path = WRVTextLayer.m; sourceTree = "<group>"; };
		6A0E3CE7207EF98A00887721 /* libpilcrow.dylib */ = {isa = PBXFileReference; lastKnownFileType = "compiled.mach-o.dylib"; name = libpilcrow.dylib; path = ../../pilcrow/target/debug/libpilcrow.dylib; sourceTree = "<group>"; };
		6A0E3CE9207FEE6800887721 /* libwebrender_text_view.dylib */ = {isa = PBXFileReference; lastKnownFileType = "compiled.mach-o.dylib"; name = libwebrender_text_view.dylib; path = "../webrender-text-view/target/debug/libwebrender_text_view.dylib"; sourceTree = "<group>"; };
		6A5B5FFF208156CB00C10F79 /* libpilcrow.dylib */ = {isa = PBXFileReference; lastKnownFileType = "compiled.mach-o.dylib"; name = libpilcrow.dylib; path = "../webrender-text-view/target/debug/deps/libpilcrow.dylib"; sourceTree = "<group>"; };
		6A5B60022084FD8200C10F79 /* WRVTextView.m */ = {isa = PBXFileReference; lastKnownFileType = sourcecode.c.objc; path = WRVTextView.m; sourceTree = "<group>"; };
		6AE2BACF209A39CE0059F224 /* WRVTextScrollView.h */ = {isa = PBXFileReference; lastKnownFileType = sourcecode.c.h; path = WRVTextScrollView.h; sourceTree = "<group>"; };
		6AE2BAD0209A39CE0059F224 /* WRVTextScrollView.m */ = {isa = PBXFileReference; lastKnownFileType = sourcecode.c.objc; path = WRVTextScrollView.m; sourceTree = "<group>"; };
		6AE2BAD3209A67A30059F224 /* WRVImageInfo.h */ = {isa = PBXFileReference; lastKnownFileType = sourcecode.c.h; path = WRVImageInfo.h; sourceTree = "<group>"; };
		6AE2BAD4209A67A30059F224 /* WRVImageInfo.m */ = {isa = PBXFileReference; lastKnownFileType = sourcecode.c.objc; path = WRVImageInfo.m; sourceTree = "<group>"; };
		6AE2BADF209BE7890059F224 /* libwebrender_text_view.a */ = {isa = PBXFileReference; lastKnownFileType = archive.ar; name = libwebrender_text_view.a; path = "../webrender-text-view/target/debug/libwebrender_text_view.a"; sourceTree = "<group>"; };
		6AE2BAE1209BE88D0059F224 /* libwebrender_text_view.a */ = {isa = PBXFileReference; lastKnownFileType = archive.ar; name = libwebrender_text_view.a; path = "../webrender-text-view/target/universal/debug/libwebrender_text_view.a"; sourceTree = "<group>"; };
/* End PBXFileReference section */

/* Begin PBXFrameworksBuildPhase section */
		6A02CE3620A169CC00AEF841 /* Frameworks */ = {
			isa = PBXFrameworksBuildPhase;
			buildActionMask = 2147483647;
			files = (
				6A02CE4F20A214EB00AEF841 /* libwebrender_text_view.a in Frameworks */,
			);
			runOnlyForDeploymentPostprocessing = 0;
		};
		6A0A155B208FD97F00E32BC6 /* Frameworks */ = {
			isa = PBXFrameworksBuildPhase;
			buildActionMask = 2147483647;
			files = (
				6A02CE2E20A15E8800AEF841 /* libwebrender_text_view.a in Frameworks */,
			);
			runOnlyForDeploymentPostprocessing = 0;
		};
		6A0A157E2092BD8400E32BC6 /* Frameworks */ = {
			isa = PBXFrameworksBuildPhase;
			buildActionMask = 2147483647;
			files = (
				6A02CE4620A16A2900AEF841 /* WRTextView.framework in Frameworks */,
			);
			runOnlyForDeploymentPostprocessing = 0;
		};
		6A0E3CAA207ED10400887721 /* Frameworks */ = {
			isa = PBXFrameworksBuildPhase;
			buildActionMask = 2147483647;
			files = (
				6A8F5D1220AA8A9B00F25F23 /* WRTextView.framework in Frameworks */,
			);
			runOnlyForDeploymentPostprocessing = 0;
		};
/* End PBXFrameworksBuildPhase section */

/* Begin PBXGroup section */
		6A02CE3B20A169CC00AEF841 /* WRMobileTextView */ = {
			isa = PBXGroup;
			children = (
				6A02CE3D20A169CC00AEF841 /* Info.plist */,
			);
			path = WRMobileTextView;
			sourceTree = "<group>";
		};
		6A0A1560208FD97F00E32BC6 /* WRTextView */ = {
			isa = PBXGroup;
			children = (
				6A0E3CAE207ED10400887721 /* Products */,
				6A02CE5F20A3F05E00AEF841 /* NSObject+WRVCasting.h */,
				6A02CE6020A3F05E00AEF841 /* NSObject+WRVCasting.m */,
				6AE2BAD3209A67A30059F224 /* WRVImageInfo.h */,
				6AE2BAD4209A67A30059F224 /* WRVImageInfo.m */,
				6A02CE2D20A0D3DA00AEF841 /* WRVMobileGL.h */,
				6A0E3CE3207ED14800887721 /* WRVTextLayer.h */,
				6A0E3CE4207ED14800887721 /* WRVTextLayer.m */,
				6AE2BACF209A39CE0059F224 /* WRVTextScrollView.h */,
				6AE2BAD0209A39CE0059F224 /* WRVTextScrollView.m */,
				6A02CE2F20A1618C00AEF841 /* WRVTextStorage.h */,
				6A0A1561208FD98000E32BC6 /* WRVTextView.h */,
				6A5B60022084FD8200C10F79 /* WRVTextView.m */,
				6A0A157B2092B72400E32BC6 /* ContextMenu.xib */,
				6A0A1562208FD98000E32BC6 /* Info.plist */,
			);
			path = WRTextView;
			sourceTree = "<group>";
		};
		6A0A15822092BD8400E32BC6 /* WRMobileTextView Example */ = {
			isa = PBXGroup;
			children = (
				6A0A15832092BD8400E32BC6 /* WRVXAppDelegate.h */,
				6A0A15842092BD8400E32BC6 /* WRVXAppDelegate.m */,
				6A0A15862092BD8400E32BC6 /* WRVXDocumentBrowserViewController.h */,
				6A0A15872092BD8400E32BC6 /* WRVXDocumentBrowserViewController.m */,
				6A02CE6220A409DB00AEF841 /* WRVXDocumentDelegate.h */,
				6A0A15892092BD8400E32BC6 /* WRVXDocumentViewController.h */,
				6A0A158A2092BD8400E32BC6 /* WRVXDocumentViewController.m */,
				6A0A158C2092BD8400E32BC6 /* WRVXDocument.h */,
				6A0A158D2092BD8400E32BC6 /* WRVXDocument.m */,
				6A02CE5320A3EA5000AEF841 /* WRVXFontFamilyTableViewController.h */,
				6A02CE5420A3EA5000AEF841 /* WRVXFontFamilyTableViewController.m */,
				6A02CE5620A3ED2800AEF841 /* WRVXNavigationController.h */,
				6A02CE5720A3ED2800AEF841 /* WRVXNavigationController.m */,
				6A0A158F2092BD8400E32BC6 /* Main.storyboard */,
				6A0A15922092BD8500E32BC6 /* Assets.xcassets */,
				6A0A15942092BD8500E32BC6 /* LaunchScreen.storyboard */,
				6A0A15972092BD8500E32BC6 /* Info.plist */,
				6A0A15982092BD8500E32BC6 /* main.m */,
			);
			name = "WRMobileTextView Example";
			path = "../WRMobileTextView Example";
			sourceTree = "<group>";
		};
		6A0E3CA4207ED10400887721 = {
			isa = PBXGroup;
			children = (
				6A0E3CAF207ED10400887721 /* WRTextView Example */,
				6A0A15822092BD8400E32BC6 /* WRMobileTextView Example */,
				6A0A1560208FD97F00E32BC6 /* WRTextView */,
				6A02CE3B20A169CC00AEF841 /* WRMobileTextView */,
				6A0E3CE6207EF98A00887721 /* Frameworks */,
			);
			sourceTree = "<group>";
		};
		6A0E3CAE207ED10400887721 /* Products */ = {
			isa = PBXGroup;
			children = (
				6A0E3CAD207ED10400887721 /* WRTextView Example.app */,
				6A0A155F208FD97F00E32BC6 /* WRTextView.framework */,
				6A0A15812092BD8400E32BC6 /* WRMobileTextView Example.app */,
				6A02CE3A20A169CC00AEF841 /* WRTextView.framework */,
			);
			name = Products;
			path = ..;
			sourceTree = "<group>";
		};
		6A0E3CAF207ED10400887721 /* WRTextView Example */ = {
			isa = PBXGroup;
			children = (
				6A0E3CB0207ED10400887721 /* WRVXAppDelegate.h */,
				6A0E3CB1207ED10400887721 /* WRVXAppDelegate.m */,
				6A0E3CB3207ED10400887721 /* WRVXDocument.h */,
				6A0E3CB4207ED10400887721 /* WRVXDocument.m */,
				6A0A156E208FE6AA00E32BC6 /* WRVXWindowController.h */,
				6A0A156F208FE6AA00E32BC6 /* WRVXWindowController.m */,
				6A0E3CB6207ED10400887721 /* Document.xib */,
				6A0E3CB9207ED10600887721 /* Assets.xcassets */,
				6A0E3CBB207ED10600887721 /* MainMenu.xib */,
				6A0E3CBE207ED10600887721 /* Info.plist */,
				6A0E3CBF207ED10600887721 /* main.m */,
				6A0E3CC1207ED10600887721 /* WRTextView_Example.entitlements */,
			);
			path = "WRTextView Example";
			sourceTree = "<group>";
		};
		6A0E3CE6207EF98A00887721 /* Frameworks */ = {
			isa = PBXGroup;
			children = (
				6AE2BADF209BE7890059F224 /* libwebrender_text_view.a */,
				6AE2BAE1209BE88D0059F224 /* libwebrender_text_view.a */,
				6A5B5FFF208156CB00C10F79 /* libpilcrow.dylib */,
				6A0E3CE9207FEE6800887721 /* libwebrender_text_view.dylib */,
				6A0E3CE7207EF98A00887721 /* libpilcrow.dylib */,
			);
			name = Frameworks;
			sourceTree = "<group>";
		};
/* End PBXGroup section */

/* Begin PBXHeadersBuildPhase section */
		6A02CE3720A169CC00AEF841 /* Headers */ = {
			isa = PBXHeadersBuildPhase;
			buildActionMask = 2147483647;
			files = (
			);
			runOnlyForDeploymentPostprocessing = 0;
		};
		6A0A155C208FD97F00E32BC6 /* Headers */ = {
			isa = PBXHeadersBuildPhase;
			buildActionMask = 2147483647;
			files = (
				6AE2BAD1209A39CE0059F224 /* WRVTextScrollView.h in Headers */,
				6A0A1563208FD98000E32BC6 /* WRVTextView.h in Headers */,
			);
			runOnlyForDeploymentPostprocessing = 0;
		};
/* End PBXHeadersBuildPhase section */

/* Begin PBXNativeTarget section */
		6A02CE3920A169CC00AEF841 /* WRMobileTextView */ = {
			isa = PBXNativeTarget;
			buildConfigurationList = 6A02CE4320A169CC00AEF841 /* Build configuration list for PBXNativeTarget "WRMobileTextView" */;
			buildPhases = (
				6A02CE3520A169CC00AEF841 /* Sources */,
				6A02CE3620A169CC00AEF841 /* Frameworks */,
				6A02CE3720A169CC00AEF841 /* Headers */,
				6A02CE3820A169CC00AEF841 /* Resources */,
			);
			buildRules = (
			);
			dependencies = (
			);
			name = WRMobileTextView;
			productName = WRMobileTextView;
			productReference = 6A02CE3A20A169CC00AEF841 /* WRTextView.framework */;
			productType = "com.apple.product-type.framework";
		};
		6A0A155E208FD97F00E32BC6 /* WRTextView */ = {
			isa = PBXNativeTarget;
			buildConfigurationList = 6A0A1566208FD98000E32BC6 /* Build configuration list for PBXNativeTarget "WRTextView" */;
			buildPhases = (
				6A0A155A208FD97F00E32BC6 /* Sources */,
				6A0A155B208FD97F00E32BC6 /* Frameworks */,
				6A0A155C208FD97F00E32BC6 /* Headers */,
				6A0A155D208FD97F00E32BC6 /* Resources */,
			);
			buildRules = (
			);
			dependencies = (
			);
			name = WRTextView;
			productName = WRTextView;
			productReference = 6A0A155F208FD97F00E32BC6 /* WRTextView.framework */;
			productType = "com.apple.product-type.framework";
		};
		6A0A15802092BD8400E32BC6 /* WRMobileTextView Example */ = {
			isa = PBXNativeTarget;
			buildConfigurationList = 6A0A159A2092BD8500E32BC6 /* Build configuration list for PBXNativeTarget "WRMobileTextView Example" */;
			buildPhases = (
				6A0A157D2092BD8400E32BC6 /* Sources */,
				6A0A157E2092BD8400E32BC6 /* Frameworks */,
				6A0A157F2092BD8400E32BC6 /* Resources */,
				6A02CE4A20A16A2900AEF841 /* Embed Frameworks */,
			);
			buildRules = (
			);
			dependencies = (
				6A02CE4920A16A2900AEF841 /* PBXTargetDependency */,
			);
			name = "WRMobileTextView Example";
			productName = "WRMobileTextView Example";
			productReference = 6A0A15812092BD8400E32BC6 /* WRMobileTextView Example.app */;
			productType = "com.apple.product-type.application";
		};
		6A0E3CAC207ED10400887721 /* WRTextView Example */ = {
			isa = PBXNativeTarget;
			buildConfigurationList = 6A0E3CDA207ED10600887721 /* Build configuration list for PBXNativeTarget "WRTextView Example" */;
			buildPhases = (
				6A0E3CA9207ED10400887721 /* Sources */,
				6A0E3CAA207ED10400887721 /* Frameworks */,
				6A0E3CAB207ED10400887721 /* Resources */,
				6A8F5D1620AA8A9B00F25F23 /* Embed Frameworks */,
			);
			buildRules = (
			);
			dependencies = (
				6A8F5D1520AA8A9B00F25F23 /* PBXTargetDependency */,
			);
			name = "WRTextView Example";
			productName = "WRTextView Example";
			productReference = 6A0E3CAD207ED10400887721 /* WRTextView Example.app */;
			productType = "com.apple.product-type.application";
		};
/* End PBXNativeTarget section */

/* Begin PBXProject section */
		6A0E3CA5207ED10400887721 /* Project object */ = {
			isa = PBXProject;
			attributes = {
				LastUpgradeCheck = 0930;
				ORGANIZATIONNAME = "Mozilla Foundation";
				TargetAttributes = {
					6A02CE3920A169CC00AEF841 = {
						CreatedOnToolsVersion = 9.3;
					};
					6A0A155E208FD97F00E32BC6 = {
						CreatedOnToolsVersion = 9.3;
					};
					6A0A15802092BD8400E32BC6 = {
						CreatedOnToolsVersion = 9.3;
					};
					6A0E3CAC207ED10400887721 = {
						CreatedOnToolsVersion = 9.3;
						SystemCapabilities = {
							com.apple.Sandbox = {
								enabled = 0;
							};
						};
					};
				};
			};
			buildConfigurationList = 6A0E3CA8207ED10400887721 /* Build configuration list for PBXProject "WRTextView Example" */;
			compatibilityVersion = "Xcode 9.3";
			developmentRegion = en;
			hasScannedForEncodings = 0;
			knownRegions = (
				en,
				Base,
			);
			mainGroup = 6A0E3CA4207ED10400887721;
			productRefGroup = 6A0E3CAE207ED10400887721 /* Products */;
			projectDirPath = "";
			projectRoot = "";
			targets = (
				6A0E3CAC207ED10400887721 /* WRTextView Example */,
				6A0A155E208FD97F00E32BC6 /* WRTextView */,
				6A0A15802092BD8400E32BC6 /* WRMobileTextView Example */,
				6A02CE3920A169CC00AEF841 /* WRMobileTextView */,
			);
		};
/* End PBXProject section */

/* Begin PBXResourcesBuildPhase section */
		6A02CE3820A169CC00AEF841 /* Resources */ = {
			isa = PBXResourcesBuildPhase;
			buildActionMask = 2147483647;
			files = (
			);
			runOnlyForDeploymentPostprocessing = 0;
		};
		6A0A155D208FD97F00E32BC6 /* Resources */ = {
			isa = PBXResourcesBuildPhase;
			buildActionMask = 2147483647;
			files = (
				6A0A157C2092B72400E32BC6 /* ContextMenu.xib in Resources */,
			);
			runOnlyForDeploymentPostprocessing = 0;
		};
		6A0A157F2092BD8400E32BC6 /* Resources */ = {
			isa = PBXResourcesBuildPhase;
			buildActionMask = 2147483647;
			files = (
				6A0A15962092BD8500E32BC6 /* LaunchScreen.storyboard in Resources */,
				6A0A15932092BD8500E32BC6 /* Assets.xcassets in Resources */,
				6A0A15912092BD8400E32BC6 /* Main.storyboard in Resources */,
			);
			runOnlyForDeploymentPostprocessing = 0;
		};
		6A0E3CAB207ED10400887721 /* Resources */ = {
			isa = PBXResourcesBuildPhase;
			buildActionMask = 2147483647;
			files = (
				6A0E3CBA207ED10600887721 /* Assets.xcassets in Resources */,
				6A0E3CB8207ED10400887721 /* Document.xib in Resources */,
				6A0E3CBD207ED10600887721 /* MainMenu.xib in Resources */,
			);
			runOnlyForDeploymentPostprocessing = 0;
		};
/* End PBXResourcesBuildPhase section */

/* Begin PBXSourcesBuildPhase section */
		6A02CE3520A169CC00AEF841 /* Sources */ = {
			isa = PBXSourcesBuildPhase;
			buildActionMask = 2147483647;
			files = (
				6A02CE4E20A16A7B00AEF841 /* WRVTextView.m in Sources */,
				6A02CE4B20A16A7000AEF841 /* WRVImageInfo.m in Sources */,
				6A02CE4D20A16A7900AEF841 /* WRVTextScrollView.m in Sources */,
				6A02CE4C20A16A7600AEF841 /* WRVTextLayer.m in Sources */,
			);
			runOnlyForDeploymentPostprocessing = 0;
		};
		6A0A155A208FD97F00E32BC6 /* Sources */ = {
			isa = PBXSourcesBuildPhase;
			buildActionMask = 2147483647;
			files = (
				6AE2BAD8209A67AB0059F224 /* WRVImageInfo.m in Sources */,
				6A0A1567208FD9AC00E32BC6 /* WRVTextView.m in Sources */,
				6AE2BAD2209A39CE0059F224 /* WRVTextScrollView.m in Sources */,
				6A0A1568208FD9C400E32BC6 /* WRVTextLayer.m in Sources */,
			);
			runOnlyForDeploymentPostprocessing = 0;
		};
		6A0A157D2092BD8400E32BC6 /* Sources */ = {
			isa = PBXSourcesBuildPhase;
			buildActionMask = 2147483647;
			files = (
				6A0A15992092BD8500E32BC6 /* main.m in Sources */,
				6A02CE5520A3EA5000AEF841 /* WRVXFontFamilyTableViewController.m in Sources */,
				6A02CE5820A3ED2800AEF841 /* WRVXNavigationController.m in Sources */,
				6A0A158E2092BD8400E32BC6 /* WRVXDocument.m in Sources */,
				6A02CE6120A3F05E00AEF841 /* NSObject+WRVCasting.m in Sources */,
				6A0A15882092BD8400E32BC6 /* WRVXDocumentBrowserViewController.m in Sources */,
				6A0A158B2092BD8400E32BC6 /* WRVXDocumentViewController.m in Sources */,
				6A0A15852092BD8400E32BC6 /* WRVXAppDelegate.m in Sources */,
			);
			runOnlyForDeploymentPostprocessing = 0;
		};
		6A0E3CA9207ED10400887721 /* Sources */ = {
			isa = PBXSourcesBuildPhase;
			buildActionMask = 2147483647;
			files = (
				6A0E3CB5207ED10400887721 /* WRVXDocument.m in Sources */,
				6A0A1570208FE6AA00E32BC6 /* WRVXWindowController.m in Sources */,
				6A0E3CC0207ED10600887721 /* main.m in Sources */,
				6A0E3CB2207ED10400887721 /* WRVXAppDelegate.m in Sources */,
			);
			runOnlyForDeploymentPostprocessing = 0;
		};
/* End PBXSourcesBuildPhase section */

/* Begin PBXTargetDependency section */
		6A02CE4920A16A2900AEF841 /* PBXTargetDependency */ = {
			isa = PBXTargetDependency;
			target = 6A02CE3920A169CC00AEF841 /* WRMobileTextView */;
			targetProxy = 6A02CE4820A16A2900AEF841 /* PBXContainerItemProxy */;
		};
		6A8F5D1520AA8A9B00F25F23 /* PBXTargetDependency */ = {
			isa = PBXTargetDependency;
			target = 6A0A155E208FD97F00E32BC6 /* WRTextView */;
			targetProxy = 6A8F5D1420AA8A9B00F25F23 /* PBXContainerItemProxy */;
		};
/* End PBXTargetDependency section */

/* Begin PBXVariantGroup section */
		6A0A158F2092BD8400E32BC6 /* Main.storyboard */ = {
			isa = PBXVariantGroup;
			children = (
				6A0A15902092BD8400E32BC6 /* Base */,
			);
			name = Main.storyboard;
			sourceTree = "<group>";
		};
		6A0A15942092BD8500E32BC6 /* LaunchScreen.storyboard */ = {
			isa = PBXVariantGroup;
			children = (
				6A0A15952092BD8500E32BC6 /* Base */,
			);
			name = LaunchScreen.storyboard;
			sourceTree = "<group>";
		};
		6A0E3CB6207ED10400887721 /* Document.xib */ = {
			isa = PBXVariantGroup;
			children = (
				6A0E3CB7207ED10400887721 /* Base */,
			);
			name = Document.xib;
			sourceTree = "<group>";
		};
		6A0E3CBB207ED10600887721 /* MainMenu.xib */ = {
			isa = PBXVariantGroup;
			children = (
				6A0E3CBC207ED10600887721 /* Base */,
			);
			name = MainMenu.xib;
			sourceTree = "<group>";
		};
/* End PBXVariantGroup section */

/* Begin XCBuildConfiguration section */
		6A02CE4420A169CC00AEF841 /* Debug */ = {
			isa = XCBuildConfiguration;
			buildSettings = {
				CODE_SIGN_IDENTITY = "iPhone Developer";
				CODE_SIGN_STYLE = Automatic;
				CURRENT_PROJECT_VERSION = 1;
				DEFINES_MODULE = YES;
				DYLIB_COMPATIBILITY_VERSION = 1;
				DYLIB_CURRENT_VERSION = 1;
				DYLIB_INSTALL_NAME_BASE = "@rpath";
				HEADER_SEARCH_PATHS = (
					../../pilcrow,
					"../webrender-text-view",
				);
				INFOPLIST_FILE = WRMobileTextView/Info.plist;
				INSTALL_PATH = "$(LOCAL_LIBRARY_DIR)/Frameworks";
				IPHONEOS_DEPLOYMENT_TARGET = 11.3;
				LD_RUNPATH_SEARCH_PATHS = (
					"$(inherited)",
					"@executable_path/Frameworks",
					"@loader_path/Frameworks",
				);
				LIBRARY_SEARCH_PATHS = "../webrender-text-view/target/universal/debug";
				PRODUCT_BUNDLE_IDENTIFIER = org.mozilla.WRMobileTextView;
				PRODUCT_NAME = WRTextView;
				SDKROOT = iphoneos;
				SKIP_INSTALL = YES;
				TARGETED_DEVICE_FAMILY = "1,2";
				VERSIONING_SYSTEM = "apple-generic";
				VERSION_INFO_PREFIX = "";
			};
			name = Debug;
		};
		6A02CE4520A169CC00AEF841 /* Release */ = {
			isa = XCBuildConfiguration;
			buildSettings = {
				CODE_SIGN_IDENTITY = "iPhone Developer";
				CODE_SIGN_STYLE = Automatic;
				CURRENT_PROJECT_VERSION = 1;
				DEFINES_MODULE = YES;
				DYLIB_COMPATIBILITY_VERSION = 1;
				DYLIB_CURRENT_VERSION = 1;
				DYLIB_INSTALL_NAME_BASE = "@rpath";
				HEADER_SEARCH_PATHS = (
					../../pilcrow,
					"../webrender-text-view",
				);
				INFOPLIST_FILE = WRMobileTextView/Info.plist;
				INSTALL_PATH = "$(LOCAL_LIBRARY_DIR)/Frameworks";
				IPHONEOS_DEPLOYMENT_TARGET = 11.3;
				LD_RUNPATH_SEARCH_PATHS = (
					"$(inherited)",
					"@executable_path/Frameworks",
					"@loader_path/Frameworks",
				);
				LIBRARY_SEARCH_PATHS = "../webrender-text-view/target/universal/release";
				PRODUCT_BUNDLE_IDENTIFIER = org.mozilla.WRMobileTextView;
				PRODUCT_NAME = WRTextView;
				SDKROOT = iphoneos;
				SKIP_INSTALL = YES;
				TARGETED_DEVICE_FAMILY = "1,2";
				VALIDATE_PRODUCT = YES;
				VERSIONING_SYSTEM = "apple-generic";
				VERSION_INFO_PREFIX = "";
			};
			name = Release;
		};
		6A0A1564208FD98000E32BC6 /* Debug */ = {
			isa = XCBuildConfiguration;
			buildSettings = {
				CODE_SIGN_IDENTITY = "Mac Developer";
				CODE_SIGN_STYLE = Automatic;
				COMBINE_HIDPI_IMAGES = YES;
				CURRENT_PROJECT_VERSION = 1;
				DEFINES_MODULE = YES;
				DEVELOPMENT_TEAM = B6DKJ8Z6R9;
				DYLIB_COMPATIBILITY_VERSION = 1;
				DYLIB_CURRENT_VERSION = 1;
				DYLIB_INSTALL_NAME_BASE = "@rpath";
				FRAMEWORK_VERSION = A;
				HEADER_SEARCH_PATHS = (
					../../pilcrow,
					"../webrender-text-view",
				);
				INFOPLIST_FILE = WRTextView/Info.plist;
				INSTALL_PATH = "$(LOCAL_LIBRARY_DIR)/Frameworks";
				LD_RUNPATH_SEARCH_PATHS = (
					"$(inherited)",
					"@executable_path/../Frameworks",
					"@loader_path/Frameworks",
				);
				LIBRARY_SEARCH_PATHS = "../webrender-text-view/target/debug";
				PRODUCT_BUNDLE_IDENTIFIER = org.mozilla.WRTextView;
				PRODUCT_NAME = "$(TARGET_NAME:c99extidentifier)";
				REEXPORTED_LIBRARY_NAMES = "";
				SKIP_INSTALL = YES;
				VERSIONING_SYSTEM = "apple-generic";
				VERSION_INFO_PREFIX = "";
			};
			name = Debug;
		};
		6A0A1565208FD98000E32BC6 /* Release */ = {
			isa = XCBuildConfiguration;
			buildSettings = {
				CODE_SIGN_IDENTITY = "Mac Developer";
				CODE_SIGN_STYLE = Automatic;
				COMBINE_HIDPI_IMAGES = YES;
				CURRENT_PROJECT_VERSION = 1;
				DEFINES_MODULE = YES;
				DEVELOPMENT_TEAM = B6DKJ8Z6R9;
				DYLIB_COMPATIBILITY_VERSION = 1;
				DYLIB_CURRENT_VERSION = 1;
				DYLIB_INSTALL_NAME_BASE = "@rpath";
				FRAMEWORK_VERSION = A;
				HEADER_SEARCH_PATHS = (
					../../pilcrow,
					"../webrender-text-view",
				);
				INFOPLIST_FILE = WRTextView/Info.plist;
				INSTALL_PATH = "$(LOCAL_LIBRARY_DIR)/Frameworks";
				LD_RUNPATH_SEARCH_PATHS = (
					"$(inherited)",
					"@executable_path/../Frameworks",
					"@loader_path/Frameworks",
				);
				LIBRARY_SEARCH_PATHS = "../webrender-text-view/target/release";
				PRODUCT_BUNDLE_IDENTIFIER = org.mozilla.WRTextView;
				PRODUCT_NAME = "$(TARGET_NAME:c99extidentifier)";
				REEXPORTED_LIBRARY_NAMES = "";
				SKIP_INSTALL = YES;
				VERSIONING_SYSTEM = "apple-generic";
				VERSION_INFO_PREFIX = "";
			};
			name = Release;
		};
		6A0A159B2092BD8500E32BC6 /* Debug */ = {
			isa = XCBuildConfiguration;
			buildSettings = {
				ASSETCATALOG_COMPILER_APPICON_NAME = AppIcon;
				CODE_SIGN_IDENTITY = "iPhone Developer";
				CODE_SIGN_STYLE = Automatic;
				HEADER_SEARCH_PATHS = (
					../../pilcrow,
					"../webrender-text-view",
				);
				INFOPLIST_FILE = "$(SRCROOT)/../WRMobileTextView Example/Info.plist";
				IPHONEOS_DEPLOYMENT_TARGET = 11.3;
				LD_RUNPATH_SEARCH_PATHS = (
					"$(inherited)",
					"@executable_path/Frameworks",
				);
				LIBRARY_SEARCH_PATHS = "../webrender-text-view/target/universal/debug";
				PRODUCT_BUNDLE_IDENTIFIER = "org.mozilla.WRMobileTextView-Example";
				PRODUCT_NAME = "$(TARGET_NAME)";
				SDKROOT = iphoneos;
				TARGETED_DEVICE_FAMILY = "1,2";
			};
			name = Debug;
		};
		6A0A159C2092BD8500E32BC6 /* Release */ = {
			isa = XCBuildConfiguration;
			buildSettings = {
				ASSETCATALOG_COMPILER_APPICON_NAME = AppIcon;
				CODE_SIGN_IDENTITY = "iPhone Developer";
				CODE_SIGN_STYLE = Automatic;
				HEADER_SEARCH_PATHS = (
					../../pilcrow,
					"../webrender-text-view",
				);
				INFOPLIST_FILE = "$(SRCROOT)/../WRMobileTextView Example/Info.plist";
				IPHONEOS_DEPLOYMENT_TARGET = 11.3;
				LD_RUNPATH_SEARCH_PATHS = (
					"$(inherited)",
					"@executable_path/Frameworks",
				);
				LIBRARY_SEARCH_PATHS = "../webrender-text-view/target/universal/debug";
				PRODUCT_BUNDLE_IDENTIFIER = "org.mozilla.WRMobileTextView-Example";
				PRODUCT_NAME = "$(TARGET_NAME)";
				SDKROOT = iphoneos;
				TARGETED_DEVICE_FAMILY = "1,2";
				VALIDATE_PRODUCT = YES;
			};
			name = Release;
		};
		6A0E3CD8207ED10600887721 /* Debug */ = {
			isa = XCBuildConfiguration;
			buildSettings = {
				ALWAYS_SEARCH_USER_PATHS = NO;
				CLANG_ANALYZER_NONNULL = YES;
				CLANG_ANALYZER_NUMBER_OBJECT_CONVERSION = YES_AGGRESSIVE;
				CLANG_CXX_LANGUAGE_STANDARD = "gnu++14";
				CLANG_CXX_LIBRARY = "libc++";
				CLANG_ENABLE_MODULES = YES;
				CLANG_ENABLE_OBJC_ARC = YES;
				CLANG_ENABLE_OBJC_WEAK = YES;
				CLANG_WARN_BLOCK_CAPTURE_AUTORELEASING = YES;
				CLANG_WARN_BOOL_CONVERSION = YES;
				CLANG_WARN_COMMA = YES;
				CLANG_WARN_CONSTANT_CONVERSION = YES;
				CLANG_WARN_DEPRECATED_OBJC_IMPLEMENTATIONS = YES;
				CLANG_WARN_DIRECT_OBJC_ISA_USAGE = YES_ERROR;
				CLANG_WARN_DOCUMENTATION_COMMENTS = YES;
				CLANG_WARN_EMPTY_BODY = YES;
				CLANG_WARN_ENUM_CONVERSION = YES;
				CLANG_WARN_INFINITE_RECURSION = YES;
				CLANG_WARN_INT_CONVERSION = YES;
				CLANG_WARN_NON_LITERAL_NULL_CONVERSION = YES;
				CLANG_WARN_OBJC_IMPLICIT_RETAIN_SELF = YES;
				CLANG_WARN_OBJC_LITERAL_CONVERSION = YES;
				CLANG_WARN_OBJC_ROOT_CLASS = YES_ERROR;
				CLANG_WARN_RANGE_LOOP_ANALYSIS = YES;
				CLANG_WARN_STRICT_PROTOTYPES = YES;
				CLANG_WARN_SUSPICIOUS_MOVE = YES;
				CLANG_WARN_UNGUARDED_AVAILABILITY = YES_AGGRESSIVE;
				CLANG_WARN_UNREACHABLE_CODE = YES;
				CLANG_WARN__DUPLICATE_METHOD_MATCH = YES;
				CODE_SIGN_IDENTITY = "-";
				COPY_PHASE_STRIP = NO;
				DEBUG_INFORMATION_FORMAT = dwarf;
				ENABLE_STRICT_OBJC_MSGSEND = YES;
				ENABLE_TESTABILITY = YES;
				GCC_C_LANGUAGE_STANDARD = gnu11;
				GCC_DYNAMIC_NO_PIC = NO;
				GCC_NO_COMMON_BLOCKS = YES;
				GCC_OPTIMIZATION_LEVEL = 0;
				GCC_PREPROCESSOR_DEFINITIONS = (
					"DEBUG=1",
					"$(inherited)",
				);
				GCC_WARN_64_TO_32_BIT_CONVERSION = YES;
				GCC_WARN_ABOUT_RETURN_TYPE = YES_ERROR;
				GCC_WARN_UNDECLARED_SELECTOR = YES;
				GCC_WARN_UNINITIALIZED_AUTOS = YES_AGGRESSIVE;
				GCC_WARN_UNUSED_FUNCTION = YES;
				GCC_WARN_UNUSED_VARIABLE = YES;
				MACOSX_DEPLOYMENT_TARGET = 10.13;
				MTL_ENABLE_DEBUG_INFO = YES;
				ONLY_ACTIVE_ARCH = YES;
				SDKROOT = macosx;
			};
			name = Debug;
		};
		6A0E3CD9207ED10600887721 /* Release */ = {
			isa = XCBuildConfiguration;
			buildSettings = {
				ALWAYS_SEARCH_USER_PATHS = NO;
				CLANG_ANALYZER_NONNULL = YES;
				CLANG_ANALYZER_NUMBER_OBJECT_CONVERSION = YES_AGGRESSIVE;
				CLANG_CXX_LANGUAGE_STANDARD = "gnu++14";
				CLANG_CXX_LIBRARY = "libc++";
				CLANG_ENABLE_MODULES = YES;
				CLANG_ENABLE_OBJC_ARC = YES;
				CLANG_ENABLE_OBJC_WEAK = YES;
				CLANG_WARN_BLOCK_CAPTURE_AUTORELEASING = YES;
				CLANG_WARN_BOOL_CONVERSION = YES;
				CLANG_WARN_COMMA = YES;
				CLANG_WARN_CONSTANT_CONVERSION = YES;
				CLANG_WARN_DEPRECATED_OBJC_IMPLEMENTATIONS = YES;
				CLANG_WARN_DIRECT_OBJC_ISA_USAGE = YES_ERROR;
				CLANG_WARN_DOCUMENTATION_COMMENTS = YES;
				CLANG_WARN_EMPTY_BODY = YES;
				CLANG_WARN_ENUM_CONVERSION = YES;
				CLANG_WARN_INFINITE_RECURSION = YES;
				CLANG_WARN_INT_CONVERSION = YES;
				CLANG_WARN_NON_LITERAL_NULL_CONVERSION = YES;
				CLANG_WARN_OBJC_IMPLICIT_RETAIN_SELF = YES;
				CLANG_WARN_OBJC_LITERAL_CONVERSION = YES;
				CLANG_WARN_OBJC_ROOT_CLASS = YES_ERROR;
				CLANG_WARN_RANGE_LOOP_ANALYSIS = YES;
				CLANG_WARN_STRICT_PROTOTYPES = YES;
				CLANG_WARN_SUSPICIOUS_MOVE = YES;
				CLANG_WARN_UNGUARDED_AVAILABILITY = YES_AGGRESSIVE;
				CLANG_WARN_UNREACHABLE_CODE = YES;
				CLANG_WARN__DUPLICATE_METHOD_MATCH = YES;
				CODE_SIGN_IDENTITY = "-";
				COPY_PHASE_STRIP = NO;
				DEBUG_INFORMATION_FORMAT = "dwarf-with-dsym";
				ENABLE_NS_ASSERTIONS = NO;
				ENABLE_STRICT_OBJC_MSGSEND = YES;
				GCC_C_LANGUAGE_STANDARD = gnu11;
				GCC_NO_COMMON_BLOCKS = YES;
				GCC_WARN_64_TO_32_BIT_CONVERSION = YES;
				GCC_WARN_ABOUT_RETURN_TYPE = YES_ERROR;
				GCC_WARN_UNDECLARED_SELECTOR = YES;
				GCC_WARN_UNINITIALIZED_AUTOS = YES_AGGRESSIVE;
				GCC_WARN_UNUSED_FUNCTION = YES;
				GCC_WARN_UNUSED_VARIABLE = YES;
				MACOSX_DEPLOYMENT_TARGET = 10.13;
				MTL_ENABLE_DEBUG_INFO = NO;
				SDKROOT = macosx;
			};
			name = Release;
		};
		6A0E3CDB207ED10600887721 /* Debug */ = {
			isa = XCBuildConfiguration;
			buildSettings = {
				ASSETCATALOG_COMPILER_APPICON_NAME = AppIcon;
				CODE_SIGN_IDENTITY = "Mac Developer";
				CODE_SIGN_STYLE = Automatic;
				COMBINE_HIDPI_IMAGES = YES;
				DEVELOPMENT_TEAM = B6DKJ8Z6R9;
				HEADER_SEARCH_PATHS = (
					../../pilcrow,
					"../webrender-text-view",
				);
				INFOPLIST_FILE = "WRTextView Example/Info.plist";
				LD_RUNPATH_SEARCH_PATHS = (
					"$(inherited)",
					"@executable_path/../Frameworks",
				);
				LIBRARY_SEARCH_PATHS = "../webrender-text-view/target/debug";
				PRODUCT_BUNDLE_IDENTIFIER = org.mozilla.WRTextViewExample;
				PRODUCT_NAME = "$(TARGET_NAME)";
				PROVISIONING_PROFILE_SPECIFIER = "";
			};
			name = Debug;
		};
		6A0E3CDC207ED10600887721 /* Release */ = {
			isa = XCBuildConfiguration;
			buildSettings = {
				ASSETCATALOG_COMPILER_APPICON_NAME = AppIcon;
				CODE_SIGN_IDENTITY = "Mac Developer";
				CODE_SIGN_STYLE = Automatic;
				COMBINE_HIDPI_IMAGES = YES;
				DEVELOPMENT_TEAM = B6DKJ8Z6R9;
				HEADER_SEARCH_PATHS = (
					../../pilcrow,
					"../webrender-text-view",
				);
				INFOPLIST_FILE = "WRTextView Example/Info.plist";
				LD_RUNPATH_SEARCH_PATHS = (
					"$(inherited)",
					"@executable_path/../Frameworks",
				);
				LIBRARY_SEARCH_PATHS = "../webrender-text-view/target/release";
				PRODUCT_BUNDLE_IDENTIFIER = org.mozilla.WRTextViewExample;
				PRODUCT_NAME = "$(TARGET_NAME)";
				PROVISIONING_PROFILE_SPECIFIER = "";
			};
			name = Release;
		};
/* End XCBuildConfiguration section */

/* Begin XCConfigurationList section */
		6A02CE4320A169CC00AEF841 /* Build configuration list for PBXNativeTarget "WRMobileTextView" */ = {
			isa = XCConfigurationList;
			buildConfigurations = (
				6A02CE4420A169CC00AEF841 /* Debug */,
				6A02CE4520A169CC00AEF841 /* Release */,
			);
			defaultConfigurationIsVisible = 0;
			defaultConfigurationName = Release;
		};
		6A0A1566208FD98000E32BC6 /* Build configuration list for PBXNativeTarget "WRTextView" */ = {
			isa = XCConfigurationList;
			buildConfigurations = (
				6A0A1564208FD98000E32BC6 /* Debug */,
				6A0A1565208FD98000E32BC6 /* Release */,
			);
			defaultConfigurationIsVisible = 0;
			defaultConfigurationName = Release;
		};
		6A0A159A2092BD8500E32BC6 /* Build configuration list for PBXNativeTarget "WRMobileTextView Example" */ = {
			isa = XCConfigurationList;
			buildConfigurations = (
				6A0A159B2092BD8500E32BC6 /* Debug */,
				6A0A159C2092BD8500E32BC6 /* Release */,
			);
			defaultConfigurationIsVisible = 0;
			defaultConfigurationName = Release;
		};
		6A0E3CA8207ED10400887721 /* Build configuration list for PBXProject "WRTextView Example" */ = {
			isa = XCConfigurationList;
			buildConfigurations = (
				6A0E3CD8207ED10600887721 /* Debug */,
				6A0E3CD9207ED10600887721 /* Release */,
			);
			defaultConfigurationIsVisible = 0;
			defaultConfigurationName = Release;
		};
		6A0E3CDA207ED10600887721 /* Build configuration list for PBXNativeTarget "WRTextView Example" */ = {
			isa = XCConfigurationList;
			buildConfigurations = (
				6A0E3CDB207ED10600887721 /* Debug */,
				6A0E3CDC207ED10600887721 /* Release */,
			);
			defaultConfigurationIsVisible = 0;
			defaultConfigurationName = Release;
		};
/* End XCConfigurationList section */
	};
	rootObject = 6A0E3CA5207ED10400887721 /* Project object */;
}
